
Microsoft Visual Studio Solution File, Format Version 12.00
# Visual Studio 2012
Project("{FAE04EC0-301F-11D3-BF4B-00C04F79EFBC}") = "RegionEx.Core", "RegionEx.Core\RegionEx.Core.csproj", "{4B8771D8-334B-4E94-B05E-C54EA5B79AB2}"
EndProject
Project("{FAE04EC0-301F-11D3-BF4B-00C04F79EFBC}") = "RegionEx.Droid", "RegionEx.Droid\RegionEx.Droid.csproj", "{8C5C8C04-6649-450A-A345-691C2F5D9B93}"
EndProject
Global
	GlobalSection(SolutionConfigurationPlatforms) = preSolution
		Debug|Any CPU = Debug|Any CPU
		Release|Any CPU = Release|Any CPU
	EndGlobalSection
	GlobalSection(ProjectConfigurationPlatforms) = postSolution
		{4B8771D8-334B-4E94-B05E-C54EA5B79AB2}.Debug|Any CPU.ActiveCfg = Debug|Any CPU
		{4B8771D8-334B-4E94-B05E-C54EA5B79AB2}.Debug|Any CPU.Build.0 = Debug|Any CPU
		{4B8771D8-334B-4E94-B05E-C54EA5B79AB2}.Release|Any CPU.ActiveCfg = Release|Any CPU
		{4B8771D8-334B-4E94-B05E-C54EA5B79AB2}.Release|Any CPU.Build.0 = Release|Any CPU
		{8C5C8C04-6649-450A-A345-691C2F5D9B93}.Debug|Any CPU.ActiveCfg = Debug|Any CPU
		{8C5C8C04-6649-450A-A345-691C2F5D9B93}.Debug|Any CPU.Build.0 = Debug|Any CPU
		{8C5C8C04-6649-450A-A345-691C2F5D9B93}.Debug|Any CPU.Deploy.0 = Debug|Any CPU
		{8C5C8C04-6649-450A-A345-691C2F5D9B93}.Release|Any CPU.ActiveCfg = Release|Any CPU
		{8C5C8C04-6649-450A-A345-691C2F5D9B93}.Release|Any CPU.Build.0 = Release|Any CPU
		{8C5C8C04-6649-450A-A345-691C2F5D9B93}.Release|Any CPU.Deploy.0 = Release|Any CPU
	EndGlobalSection
	GlobalSection(SolutionProperties) = preSolution
		HideSolutionNode = FALSE
	EndGlobalSection
EndGlobal
